
Microsoft Visual Studio Solution File, Format Version 12.00
# Visual Studio Version 17
VisualStudioVersion = 17.8.34316.72
MinimumVisualStudioVersion = 10.0.40219.1
Project("{FAE04EC0-301F-11D3-BF4B-00C04F79EFBC}") = "Wester.cc", "Wester.cc\Wester.cc.csproj", "{7ED47B49-D440-41BC-A1CC-BA23E703CC66}"
EndProject
Global
	GlobalSection(SolutionConfigurationPlatforms) = preSolution
		Debug|Any CPU = Debug|Any CPU
		Release|Any CPU = Release|Any CPU
	EndGlobalSection
	GlobalSection(ProjectConfigurationPlatforms) = postSolution
		{7ED47B49-D440-41BC-A1CC-BA23E703CC66}.Debug|Any CPU.ActiveCfg = Debug|Any CPU
		{7ED47B49-D440-41BC-A1CC-BA23E703CC66}.Debug|Any CPU.Build.0 = Debug|Any CPU
		{7ED47B49-D440-41BC-A1CC-BA23E703CC66}.Release|Any CPU.ActiveCfg = Release|Any CPU
		{7ED47B49-D440-41BC-A1CC-BA23E703CC66}.Release|Any CPU.Build.0 = Release|Any CPU
	EndGlobalSection
	GlobalSection(SolutionProperties) = preSolution
		HideSolutionNode = FALSE
	EndGlobalSection
	GlobalSection(ExtensibilityGlobals) = postSolution
		SolutionGuid = {62FA350A-BC5C-4DC6-92AC-F18F6028E7A9}
	EndGlobalSection
EndGlobal
